
Microsoft Visual Studio Solution File, Format Version 12.00
Project("{FAE04EC0-301F-11D3-BF4B-00C04F79EFBC}") = "expander test", "expander test\expander test.csproj", "{915C3DFE-10FF-4D64-9218-18019420FB6D}"
EndProject
Global
	GlobalSection(SolutionConfigurationPlatforms) = preSolution
		Debug|Any CPU = Debug|Any CPU
		Release|Any CPU = Release|Any CPU
	EndGlobalSection
	GlobalSection(ProjectConfigurationPlatforms) = postSolution
		{915C3DFE-10FF-4D64-9218-18019420FB6D}.Debug|Any CPU.ActiveCfg = Debug|Any CPU
		{915C3DFE-10FF-4D64-9218-18019420FB6D}.Debug|Any CPU.Build.0 = Debug|Any CPU
		{915C3DFE-10FF-4D64-9218-18019420FB6D}.Release|Any CPU.ActiveCfg = Release|Any CPU
		{915C3DFE-10FF-4D64-9218-18019420FB6D}.Release|Any CPU.Build.0 = Release|Any CPU
	EndGlobalSection
EndGlobal
